{
    "_readme": [
        "This file locks the dependencies of your project to a known state",
        "Read more about it at https://getcomposer.org/doc/01-basic-usage.md#composer-lock-the-lock-file",
        "This file is @generated automatically"
    ],
    "content-hash": "d2731987f4453fd5675c65a4813f2c29",
    "packages": [
        {
            "name": "facebook/webdriver",
            "version": "1.4.1",
            "source": {
                "type": "git",
                "url": "https://github.com/facebook/php-webdriver.git",
                "reference": "eadb0b7a7c3e6578185197fd40158b08c3164c83"
            },
            "dist": {
                "type": "zip",
                "url": "https://api.github.com/repos/facebook/php-webdriver/zipball/eadb0b7a7c3e6578185197fd40158b08c3164c83",
                "reference": "eadb0b7a7c3e6578185197fd40158b08c3164c83",
                "shasum": ""
            },
            "require": {
                "ext-curl": "*",
                "ext-zip": "*",
                "php": "^5.5 || ~7.0",
                "symfony/process": "^2.8 || ^3.1"
            },
            "require-dev": {
                "friendsofphp/php-cs-fixer": "^2.0",
                "php-mock/php-mock-phpunit": "^1.1",
                "phpunit/phpunit": "4.6.* || ~5.0",
                "satooshi/php-coveralls": "^1.0",
                "squizlabs/php_codesniffer": "^2.6"
            },
            "type": "library",
            "extra": {
                "branch-alias": {
                    "dev-community": "1.5-dev"
                }
            },
            "autoload": {
                "psr-4": {
                    "Facebook\\WebDriver\\": "lib/"
                }
            },
            "notification-url": "https://packagist.org/downloads/",
            "license": [
                "Apache-2.0"
            ],
            "description": "A PHP client for Selenium WebDriver",
            "homepage": "https://github.com/facebook/php-webdriver",
            "keywords": [
                "facebook",
                "php",
                "selenium",
                "webdriver"
            ],
            "time": "2017-04-28T14:54:49+00:00"
        },
        {
            "name": "symfony/process",
            "version": "v3.3.2",
            "source": {
                "type": "git",
                "url": "https://github.com/symfony/process.git",
                "reference": "8e30690c67aafb6c7992d6d8eb0d707807dd3eaf"
            },
            "dist": {
                "type": "zip",
                "url": "https://api.github.com/repos/symfony/process/zipball/8e30690c67aafb6c7992d6d8eb0d707807dd3eaf",
                "reference": "8e30690c67aafb6c7992d6d8eb0d707807dd3eaf",
                "shasum": ""
            },
            "require": {
                "php": ">=5.5.9"
            },
            "type": "library",
            "extra": {
                "branch-alias": {
                    "dev-master": "3.3-dev"
                }
            },
            "autoload": {
                "psr-4": {
                    "Symfony\\Component\\Process\\": ""
                },
                "exclude-from-classmap": [
                    "/Tests/"
                ]
            },
            "notification-url": "https://packagist.org/downloads/",
            "license": [
                "MIT"
            ],
            "authors": [
                {
                    "name": "Fabien Potencier",
                    "email": "fabien@symfony.com"
                },
                {
                    "name": "Symfony Community",
                    "homepage": "https://symfony.com/contributors"
                }
            ],
            "description": "Symfony Process Component",
            "homepage": "https://symfony.com",
            "time": "2017-05-22T12:32:03+00:00"
        },
        {
            "name": "vlucas/phpdotenv",
            "version": "v2.4.0",
            "source": {
                "type": "git",
                "url": "https://github.com/vlucas/phpdotenv.git",
                "reference": "3cc116adbe4b11be5ec557bf1d24dc5e3a21d18c"
            },
            "dist": {
                "type": "zip",
                "url": "https://api.github.com/repos/vlucas/phpdotenv/zipball/3cc116adbe4b11be5ec557bf1d24dc5e3a21d18c",
                "reference": "3cc116adbe4b11be5ec557bf1d24dc5e3a21d18c",
                "shasum": ""
            },
            "require": {
                "php": ">=5.3.9"
            },
            "require-dev": {
                "phpunit/phpunit": "^4.8 || ^5.0"
            },
            "type": "library",
            "extra": {
                "branch-alias": {
                    "dev-master": "2.4-dev"
                }
            },
            "autoload": {
                "psr-4": {
                    "Dotenv\\": "src/"
                }
            },
            "notification-url": "https://packagist.org/downloads/",
            "license": [
                "BSD-3-Clause-Attribution"
            ],
            "authors": [
                {
                    "name": "Vance Lucas",
                    "email": "vance@vancelucas.com",
                    "homepage": "http://www.vancelucas.com"
                }
            ],
            "description": "Loads environment variables from `.env` to `getenv()`, `$_ENV` and `$_SERVER` automagically.",
            "keywords": [
                "dotenv",
                "env",
                "environment"
            ],
            "time": "2016-09-01T10:05:43+00:00"
        }
    ],
    "packages-dev": [],
    "aliases": [],
    "minimum-stability": "stable",
    "stability-flags": [],
    "prefer-stable": false,
    "prefer-lowest": false,
    "platform": [],
    "platform-dev": []
}
